// !$*UTF8*$!
{
	archiveVersion = 1;
	classes = {
	};
	objectVersion = 56;
	objects = {

/* Begin PBXBuildFile section */
		D2AF14CC2D3FD7CC00A78453 /* PokebellApp.swift in Sources */ = {isa = PBXBuildFile; fileRef = D2AF14CB2D3FD7CC00A78453 /* PokebellApp.swift */; };
		D2AF14CE2D3FD7CC00A78453 /* ContentView.swift in Sources */ = {isa = PBXBuildFile; fileRef = D2AF14CD2D3FD7CC00A78453 /* ContentView.swift */; };
		D2AF14D02D3FD7D100A78453 /* Assets.xcassets in Resources */ = {isa = PBXBuildFile; fileRef = D2AF14CF2D3FD7D100A78453 /* Assets.xcassets */; };
		D2AF14D32D3FD7D100A78453 /* Preview Assets.xcassets in Resources */ = {isa = PBXBuildFile; fileRef = D2AF14D22D3FD7D100A78453 /* Preview Assets.xcassets */; };
		D2AF14DA2D3FD82E00A78453 /* MessageView.swift in Sources */ = {isa = PBXBuildFile; fileRef = D2AF14D92D3FD82E00A78453 /* MessageView.swift */; };
		D2AF14DC2D3FDE9100A78453 /* PhoneView.swift in Sources */ = {isa = PBXBuildFile; fileRef = D2AF14DB2D3FDE9100A78453 /* PhoneView.swift */; };
		D2AF14E42D40FB7000A78453 /* WidgetKit.framework in Frameworks */ = {isa = PBXBuildFile; fileRef = D2AF14E32D40FB7000A78453 /* WidgetKit.framework */; };
		D2AF14E62D40FB7000A78453 /* SwiftUI.framework in Frameworks */ = {isa = PBXBuildFile; fileRef = D2AF14E52D40FB7000A78453 /* SwiftUI.framework */; };
		D2AF14E92D40FB7000A78453 /* PokebellWidgetBundle.swift in Sources */ = {isa = PBXBuildFile; fileRef = D2AF14E82D40FB7000A78453 /* PokebellWidgetBundle.swift */; };
		D2AF14EB2D40FB7000A78453 /* PokebellWidget.swift in Sources */ = {isa = PBXBuildFile; fileRef = D2AF14EA2D40FB7000A78453 /* PokebellWidget.swift */; };
		D2AF14ED2D40FB7100A78453 /* Assets.xcassets in Resources */ = {isa = PBXBuildFile; fileRef = D2AF14EC2D40FB7100A78453 /* Assets.xcassets */; };
		D2AF14F12D40FB7100A78453 /* PokebellWidgetExtension.appex in Embed Foundation Extensions */ = {isa = PBXBuildFile; fileRef = D2AF14E12D40FB7000A78453 /* PokebellWidgetExtension.appex */; settings = {ATTRIBUTES = (RemoveHeadersOnCopy, ); }; };
		D2AF14F72D410ABB00A78453 /* GoogleService-Info.plist in Resources */ = {isa = PBXBuildFile; fileRef = D2AF14F62D410ABB00A78453 /* GoogleService-Info.plist */; };
		D2AF14F82D410ABB00A78453 /* GoogleService-Info.plist in Resources */ = {isa = PBXBuildFile; fileRef = D2AF14F62D410ABB00A78453 /* GoogleService-Info.plist */; };
		D2AF14FB2D410CA000A78453 /* FirebaseFirestore in Frameworks */ = {isa = PBXBuildFile; productRef = D2AF14FA2D410CA000A78453 /* FirebaseFirestore */; };
/* End PBXBuildFile section */

/* Begin PBXContainerItemProxy section */
		D2AF14EF2D40FB7100A78453 /* PBXContainerItemProxy */ = {
			isa = PBXContainerItemProxy;
			containerPortal = D2AF14C02D3FD7CC00A78453 /* Project object */;
			proxyType = 1;
			remoteGlobalIDString = D2AF14E02D40FB7000A78453;
			remoteInfo = PokebellWidgetExtension;
		};
/* End PBXContainerItemProxy section */

/* Begin PBXCopyFilesBuildPhase section */
		D2AF14F52D40FB7100A78453 /* Embed Foundation Extensions */ = {
			isa = PBXCopyFilesBuildPhase;
			buildActionMask = 2147483647;
			dstPath = "";
			dstSubfolderSpec = 13;
			files = (
				D2AF14F12D40FB7100A78453 /* PokebellWidgetExtension.appex in Embed Foundation Extensions */,
			);
			name = "Embed Foundation Extensions";
			runOnlyForDeploymentPostprocessing = 0;
		};
/* End PBXCopyFilesBuildPhase section */

/* Begin PBXFileReference section */
		D2AF14C82D3FD7CC00A78453 /* Pokebell.app */ = {isa = PBXFileReference; explicitFileType = wrapper.application; includeInIndex = 0; path = Pokebell.app; sourceTree = BUILT_PRODUCTS_DIR; };
		D2AF14CB2D3FD7CC00A78453 /* PokebellApp.swift */ = {isa = PBXFileReference; lastKnownFileType = sourcecode.swift; path = PokebellApp.swift; sourceTree = "<group>"; };
		D2AF14CD2D3FD7CC00A78453 /* ContentView.swift */ = {isa = PBXFileReference; lastKnownFileType = sourcecode.swift; path = ContentView.swift; sourceTree = "<group>"; };
		D2AF14CF2D3FD7D100A78453 /* Assets.xcassets */ = {isa = PBXFileReference; lastKnownFileType = folder.assetcatalog; path = Assets.xcassets; sourceTree = "<group>"; };
		D2AF14D22D3FD7D100A78453 /* Preview Assets.xcassets */ = {isa = PBXFileReference; lastKnownFileType = folder.assetcatalog; path = "Preview Assets.xcassets"; sourceTree = "<group>"; };
		D2AF14D92D3FD82E00A78453 /* MessageView.swift */ = {isa = PBXFileReference; lastKnownFileType = sourcecode.swift; path = MessageView.swift; sourceTree = "<group>"; };
		D2AF14DB2D3FDE9100A78453 /* PhoneView.swift */ = {isa = PBXFileReference; lastKnownFileType = sourcecode.swift; path = PhoneView.swift; sourceTree = "<group>"; };
		D2AF14E12D40FB7000A78453 /* PokebellWidgetExtension.appex */ = {isa = PBXFileReference; explicitFileType = "wrapper.app-extension"; includeInIndex = 0; path = PokebellWidgetExtension.appex; sourceTree = BUILT_PRODUCTS_DIR; };
		D2AF14E32D40FB7000A78453 /* WidgetKit.framework */ = {isa = PBXFileReference; lastKnownFileType = wrapper.framework; name = WidgetKit.framework; path = System/Library/Frameworks/WidgetKit.framework; sourceTree = SDKROOT; };
		D2AF14E52D40FB7000A78453 /* SwiftUI.framework */ = {isa = PBXFileReference; lastKnownFileType = wrapper.framework; name = SwiftUI.framework; path = System/Library/Frameworks/SwiftUI.framework; sourceTree = SDKROOT; };
		D2AF14E82D40FB7000A78453 /* PokebellWidgetBundle.swift */ = {isa = PBXFileReference; lastKnownFileType = sourcecode.swift; path = PokebellWidgetBundle.swift; sourceTree = "<group>"; };
		D2AF14EA2D40FB7000A78453 /* PokebellWidget.swift */ = {isa = PBXFileReference; lastKnownFileType = sourcecode.swift; path = PokebellWidget.swift; sourceTree = "<group>"; };
		D2AF14EC2D40FB7100A78453 /* Assets.xcassets */ = {isa = PBXFileReference; lastKnownFileType = folder.assetcatalog; path = Assets.xcassets; sourceTree = "<group>"; };
		D2AF14EE2D40FB7100A78453 /* Info.plist */ = {isa = PBXFileReference; lastKnownFileType = text.plist.xml; path = Info.plist; sourceTree = "<group>"; };
		D2AF14F62D410ABB00A78453 /* GoogleService-Info.plist */ = {isa = PBXFileReference; fileEncoding = 4; lastKnownFileType = text.plist.xml; path = "GoogleService-Info.plist"; sourceTree = "<group>"; };
/* End PBXFileReference section */

/* Begin PBXFrameworksBuildPhase section */
		D2AF14C52D3FD7CC00A78453 /* Frameworks */ = {
			isa = PBXFrameworksBuildPhase;
			buildActionMask = 2147483647;
			files = (
				D2AF14FB2D410CA000A78453 /* FirebaseFirestore in Frameworks */,
			);
			runOnlyForDeploymentPostprocessing = 0;
		};
		D2AF14DE2D40FB7000A78453 /* Frameworks */ = {
			isa = PBXFrameworksBuildPhase;
			buildActionMask = 2147483647;
			files = (
				D2AF14E62D40FB7000A78453 /* SwiftUI.framework in Frameworks */,
				D2AF14E42D40FB7000A78453 /* WidgetKit.framework in Frameworks */,
			);
			runOnlyForDeploymentPostprocessing = 0;
		};
/* End PBXFrameworksBuildPhase section */

/* Begin PBXGroup section */
		D2AF14BF2D3FD7CC00A78453 = {
			isa = PBXGroup;
			children = (
				D2AF14F62D410ABB00A78453 /* GoogleService-Info.plist */,
				D2AF14CA2D3FD7CC00A78453 /* Pokebell */,
				D2AF14E72D40FB7000A78453 /* PokebellWidget */,
				D2AF14E22D40FB7000A78453 /* Frameworks */,
				D2AF14C92D3FD7CC00A78453 /* Products */,
			);
			sourceTree = "<group>";
		};
		D2AF14C92D3FD7CC00A78453 /* Products */ = {
			isa = PBXGroup;
			children = (
				D2AF14C82D3FD7CC00A78453 /* Pokebell.app */,
				D2AF14E12D40FB7000A78453 /* PokebellWidgetExtension.appex */,
			);
			name = Products;
			sourceTree = "<group>";
		};
		D2AF14CA2D3FD7CC00A78453 /* Pokebell */ = {
			isa = PBXGroup;
			children = (
				D2AF14CB2D3FD7CC00A78453 /* PokebellApp.swift */,
				D2AF14CD2D3FD7CC00A78453 /* ContentView.swift */,
				D2AF14D92D3FD82E00A78453 /* MessageView.swift */,
				D2AF14DB2D3FDE9100A78453 /* PhoneView.swift */,
				D2AF14CF2D3FD7D100A78453 /* Assets.xcassets */,
				D2AF14D12D3FD7D100A78453 /* Preview Content */,
			);
			path = Pokebell;
			sourceTree = "<group>";
		};
		D2AF14D12D3FD7D100A78453 /* Preview Content */ = {
			isa = PBXGroup;
			children = (
				D2AF14D22D3FD7D100A78453 /* Preview Assets.xcassets */,
			);
			path = "Preview Content";
			sourceTree = "<group>";
		};
		D2AF14E22D40FB7000A78453 /* Frameworks */ = {
			isa = PBXGroup;
			children = (
				D2AF14E32D40FB7000A78453 /* WidgetKit.framework */,
				D2AF14E52D40FB7000A78453 /* SwiftUI.framework */,
			);
			name = Frameworks;
			sourceTree = "<group>";
		};
		D2AF14E72D40FB7000A78453 /* PokebellWidget */ = {
			isa = PBXGroup;
			children = (
				D2AF14E82D40FB7000A78453 /* PokebellWidgetBundle.swift */,
				D2AF14EA2D40FB7000A78453 /* PokebellWidget.swift */,
				D2AF14EC2D40FB7100A78453 /* Assets.xcassets */,
				D2AF14EE2D40FB7100A78453 /* Info.plist */,
			);
			path = PokebellWidget;
			sourceTree = "<group>";
		};
/* End PBXGroup section */

/* Begin PBXNativeTarget section */
		D2AF14C72D3FD7CC00A78453 /* Pokebell */ = {
			isa = PBXNativeTarget;
			buildConfigurationList = D2AF14D62D3FD7D100A78453 /* Build configuration list for PBXNativeTarget "Pokebell" */;
			buildPhases = (
				D2AF14C42D3FD7CC00A78453 /* Sources */,
				D2AF14C52D3FD7CC00A78453 /* Frameworks */,
				D2AF14C62D3FD7CC00A78453 /* Resources */,
				D2AF14F52D40FB7100A78453 /* Embed Foundation Extensions */,
			);
			buildRules = (
			);
			dependencies = (
				D2AF14F02D40FB7100A78453 /* PBXTargetDependency */,
			);
			name = Pokebell;
			packageProductDependencies = (
				D2AF14FA2D410CA000A78453 /* FirebaseFirestore */,
			);
			productName = Pokebell;
			productReference = D2AF14C82D3FD7CC00A78453 /* Pokebell.app */;
			productType = "com.apple.product-type.application";
		};
		D2AF14E02D40FB7000A78453 /* PokebellWidgetExtension */ = {
			isa = PBXNativeTarget;
			buildConfigurationList = D2AF14F22D40FB7100A78453 /* Build configuration list for PBXNativeTarget "PokebellWidgetExtension" */;
			buildPhases = (
				D2AF14DD2D40FB7000A78453 /* Sources */,
				D2AF14DE2D40FB7000A78453 /* Frameworks */,
				D2AF14DF2D40FB7000A78453 /* Resources */,
			);
			buildRules = (
			);
			dependencies = (
			);
			name = PokebellWidgetExtension;
			productName = PokebellWidgetExtension;
			productReference = D2AF14E12D40FB7000A78453 /* PokebellWidgetExtension.appex */;
			productType = "com.apple.product-type.app-extension";
		};
/* End PBXNativeTarget section */

/* Begin PBXProject section */
		D2AF14C02D3FD7CC00A78453 /* Project object */ = {
			isa = PBXProject;
			attributes = {
				BuildIndependentTargetsInParallel = 1;
				LastSwiftUpdateCheck = 1540;
				LastUpgradeCheck = 1540;
				TargetAttributes = {
					D2AF14C72D3FD7CC00A78453 = {
						CreatedOnToolsVersion = 15.4;
					};
					D2AF14E02D40FB7000A78453 = {
						CreatedOnToolsVersion = 15.4;
					};
				};
			};
			buildConfigurationList = D2AF14C32D3FD7CC00A78453 /* Build configuration list for PBXProject "Pokebell" */;
			compatibilityVersion = "Xcode 14.0";
			developmentRegion = en;
			hasScannedForEncodings = 0;
			knownRegions = (
				en,
				Base,
			);
			mainGroup = D2AF14BF2D3FD7CC00A78453;
			packageReferences = (
				D2AF14F92D410BAB00A78453 /* XCRemoteSwiftPackageReference "firebase-ios-sdk" */,
			);
			productRefGroup = D2AF14C92D3FD7CC00A78453 /* Products */;
			projectDirPath = "";
			projectRoot = "";
			targets = (
				D2AF14C72D3FD7CC00A78453 /* Pokebell */,
				D2AF14E02D40FB7000A78453 /* PokebellWidgetExtension */,
			);
		};
/* End PBXProject section */

/* Begin PBXResourcesBuildPhase section */
		D2AF14C62D3FD7CC00A78453 /* Resources */ = {
			isa = PBXResourcesBuildPhase;
			buildActionMask = 2147483647;
			files = (
				D2AF14D32D3FD7D100A78453 /* Preview Assets.xcassets in Resources */,
				D2AF14D02D3FD7D100A78453 /* Assets.xcassets in Resources */,
				D2AF14F72D410ABB00A78453 /* GoogleService-Info.plist in Resources */,
			);
			runOnlyForDeploymentPostprocessing = 0;
		};
		D2AF14DF2D40FB7000A78453 /* Resources */ = {
			isa = PBXResourcesBuildPhase;
			buildActionMask = 2147483647;
			files = (
				D2AF14ED2D40FB7100A78453 /* Assets.xcassets in Resources */,
				D2AF14F82D410ABB00A78453 /* GoogleService-Info.plist in Resources */,
			);
			runOnlyForDeploymentPostprocessing = 0;
		};
/* End PBXResourcesBuildPhase section */

/* Begin PBXSourcesBuildPhase section */
		D2AF14C42D3FD7CC00A78453 /* Sources */ = {
			isa = PBXSourcesBuildPhase;
			buildActionMask = 2147483647;
			files = (
				D2AF14CE2D3FD7CC00A78453 /* ContentView.swift in Sources */,
				D2AF14DA2D3FD82E00A78453 /* MessageView.swift in Sources */,
				D2AF14CC2D3FD7CC00A78453 /* PokebellApp.swift in Sources */,
				D2AF14DC2D3FDE9100A78453 /* PhoneView.swift in Sources */,
			);
			runOnlyForDeploymentPostprocessing = 0;
		};
		D2AF14DD2D40FB7000A78453 /* Sources */ = {
			isa = PBXSourcesBuildPhase;
			buildActionMask = 2147483647;
			files = (
				D2AF14E92D40FB7000A78453 /* PokebellWidgetBundle.swift in Sources */,
				D2AF14EB2D40FB7000A78453 /* PokebellWidget.swift in Sources */,
			);
			runOnlyForDeploymentPostprocessing = 0;
		};
/* End PBXSourcesBuildPhase section */

/* Begin PBXTargetDependency section */
		D2AF14F02D40FB7100A78453 /* PBXTargetDependency */ = {
			isa = PBXTargetDependency;
			target = D2AF14E02D40FB7000A78453 /* PokebellWidgetExtension */;
			targetProxy = D2AF14EF2D40FB7100A78453 /* PBXContainerItemProxy */;
		};
/* End PBXTargetDependency section */

/* Begin XCBuildConfiguration section */
		D2AF14D42D3FD7D100A78453 /* Debug */ = {
			isa = XCBuildConfiguration;
			buildSettings = {
				ALWAYS_SEARCH_USER_PATHS = NO;
				ASSETCATALOG_COMPILER_GENERATE_SWIFT_ASSET_SYMBOL_EXTENSIONS = YES;
				CLANG_ANALYZER_NONNULL = YES;
				CLANG_ANALYZER_NUMBER_OBJECT_CONVERSION = YES_AGGRESSIVE;
				CLANG_CXX_LANGUAGE_STANDARD = "gnu++20";
				CLANG_ENABLE_MODULES = YES;
				CLANG_ENABLE_OBJC_ARC = YES;
				CLANG_ENABLE_OBJC_WEAK = YES;
				CLANG_WARN_BLOCK_CAPTURE_AUTORELEASING = YES;
				CLANG_WARN_BOOL_CONVERSION = YES;
				CLANG_WARN_COMMA = YES;
				CLANG_WARN_CONSTANT_CONVERSION = YES;
				CLANG_WARN_DEPRECATED_OBJC_IMPLEMENTATIONS = YES;
				CLANG_WARN_DIRECT_OBJC_ISA_USAGE = YES_ERROR;
				CLANG_WARN_DOCUMENTATION_COMMENTS = YES;
				CLANG_WARN_EMPTY_BODY = YES;
				CLANG_WARN_ENUM_CONVERSION = YES;
				CLANG_WARN_INFINITE_RECURSION = YES;
				CLANG_WARN_INT_CONVERSION = YES;
				CLANG_WARN_NON_LITERAL_NULL_CONVERSION = YES;
				CLANG_WARN_OBJC_IMPLICIT_RETAIN_SELF = YES;
				CLANG_WARN_OBJC_LITERAL_CONVERSION = YES;
				CLANG_WARN_OBJC_ROOT_CLASS = YES_ERROR;
				CLANG_WARN_QUOTED_INCLUDE_IN_FRAMEWORK_HEADER = YES;
				CLANG_WARN_RANGE_LOOP_ANALYSIS = YES;
				CLANG_WARN_STRICT_PROTOTYPES = YES;
				CLANG_WARN_SUSPICIOUS_MOVE = YES;
				CLANG_WARN_UNGUARDED_AVAILABILITY = YES_AGGRESSIVE;
				CLANG_WARN_UNREACHABLE_CODE = YES;
				CLANG_WARN__DUPLICATE_METHOD_MATCH = YES;
				COPY_PHASE_STRIP = NO;
				DEBUG_INFORMATION_FORMAT = dwarf;
				ENABLE_STRICT_OBJC_MSGSEND = YES;
				ENABLE_TESTABILITY = YES;
				ENABLE_USER_SCRIPT_SANDBOXING = YES;
				GCC_C_LANGUAGE_STANDARD = gnu17;
				GCC_DYNAMIC_NO_PIC = NO;
				GCC_NO_COMMON_BLOCKS = YES;
				GCC_OPTIMIZATION_LEVEL = 0;
				GCC_PREPROCESSOR_DEFINITIONS = (
					"DEBUG=1",
					"$(inherited)",
				);
				GCC_WARN_64_TO_32_BIT_CONVERSION = YES;
				GCC_WARN_ABOUT_RETURN_TYPE = YES_ERROR;
				GCC_WARN_UNDECLARED_SELECTOR = YES;
				GCC_WARN_UNINITIALIZED_AUTOS = YES_AGGRESSIVE;
				GCC_WARN_UNUSED_FUNCTION = YES;
				GCC_WARN_UNUSED_VARIABLE = YES;
				IPHONEOS_DEPLOYMENT_TARGET = 17.5;
				LOCALIZATION_PREFERS_STRING_CATALOGS = YES;
				MTL_ENABLE_DEBUG_INFO = INCLUDE_SOURCE;
				MTL_FAST_MATH = YES;
				ONLY_ACTIVE_ARCH = YES;
				SDKROOT = iphoneos;
				SWIFT_ACTIVE_COMPILATION_CONDITIONS = "DEBUG $(inherited)";
				SWIFT_OPTIMIZATION_LEVEL = "-Onone";
			};
			name = Debug;
		};
		D2AF14D52D3FD7D100A78453 /* Release */ = {
			isa = XCBuildConfiguration;
			buildSettings = {
				ALWAYS_SEARCH_USER_PATHS = NO;
				ASSETCATALOG_COMPILER_GENERATE_SWIFT_ASSET_SYMBOL_EXTENSIONS = YES;
				CLANG_ANALYZER_NONNULL = YES;
				CLANG_ANALYZER_NUMBER_OBJECT_CONVERSION = YES_AGGRESSIVE;
				CLANG_CXX_LANGUAGE_STANDARD = "gnu++20";
				CLANG_ENABLE_MODULES = YES;
				CLANG_ENABLE_OBJC_ARC = YES;
				CLANG_ENABLE_OBJC_WEAK = YES;
				CLANG_WARN_BLOCK_CAPTURE_AUTORELEASING = YES;
				CLANG_WARN_BOOL_CONVERSION = YES;
				CLANG_WARN_COMMA = YES;
				CLANG_WARN_CONSTANT_CONVERSION = YES;
				CLANG_WARN_DEPRECATED_OBJC_IMPLEMENTATIONS = YES;
				CLANG_WARN_DIRECT_OBJC_ISA_USAGE = YES_ERROR;
				CLANG_WARN_DOCUMENTATION_COMMENTS = YES;
				CLANG_WARN_EMPTY_BODY = YES;
				CLANG_WARN_ENUM_CONVERSION = YES;
				CLANG_WARN_INFINITE_RECURSION = YES;
				CLANG_WARN_INT_CONVERSION = YES;
				CLANG_WARN_NON_LITERAL_NULL_CONVERSION = YES;
				CLANG_WARN_OBJC_IMPLICIT_RETAIN_SELF = YES;
				CLANG_WARN_OBJC_LITERAL_CONVERSION = YES;
				CLANG_WARN_OBJC_ROOT_CLASS = YES_ERROR;
				CLANG_WARN_QUOTED_INCLUDE_IN_FRAMEWORK_HEADER = YES;
				CLANG_WARN_RANGE_LOOP_ANALYSIS = YES;
				CLANG_WARN_STRICT_PROTOTYPES = YES;
				CLANG_WARN_SUSPICIOUS_MOVE = YES;
				CLANG_WARN_UNGUARDED_AVAILABILITY = YES_AGGRESSIVE;
				CLANG_WARN_UNREACHABLE_CODE = YES;
				CLANG_WARN__DUPLICATE_METHOD_MATCH = YES;
				COPY_PHASE_STRIP = NO;
				DEBUG_INFORMATION_FORMAT = "dwarf-with-dsym";
				ENABLE_NS_ASSERTIONS = NO;
				ENABLE_STRICT_OBJC_MSGSEND = YES;
				ENABLE_USER_SCRIPT_SANDBOXING = YES;
				GCC_C_LANGUAGE_STANDARD = gnu17;
				GCC_NO_COMMON_BLOCKS = YES;
				GCC_WARN_64_TO_32_BIT_CONVERSION = YES;
				GCC_WARN_ABOUT_RETURN_TYPE = YES_ERROR;
				GCC_WARN_UNDECLARED_SELECTOR = YES;
				GCC_WARN_UNINITIALIZED_AUTOS = YES_AGGRESSIVE;
				GCC_WARN_UNUSED_FUNCTION = YES;
				GCC_WARN_UNUSED_VARIABLE = YES;
				IPHONEOS_DEPLOYMENT_TARGET = 17.5;
				LOCALIZATION_PREFERS_STRING_CATALOGS = YES;
				MTL_ENABLE_DEBUG_INFO = NO;
				MTL_FAST_MATH = YES;
				SDKROOT = iphoneos;
				SWIFT_COMPILATION_MODE = wholemodule;
				VALIDATE_PRODUCT = YES;
			};
			name = Release;
		};
		D2AF14D72D3FD7D100A78453 /* Debug */ = {
			isa = XCBuildConfiguration;
			buildSettings = {
				ALWAYS_EMBED_SWIFT_STANDARD_LIBRARIES = YES;
				ASSETCATALOG_COMPILER_APPICON_NAME = AppIcon;
				ASSETCATALOG_COMPILER_GLOBAL_ACCENT_COLOR_NAME = AccentColor;
				CODE_SIGN_STYLE = Automatic;
				CURRENT_PROJECT_VERSION = 1;
				DEVELOPMENT_ASSET_PATHS = "\"Pokebell/Preview Content\"";
				DEVELOPMENT_TEAM = LAJ6J7GY39;
				ENABLE_PREVIEWS = YES;
				GENERATE_INFOPLIST_FILE = YES;
				INFOPLIST_KEY_UIApplicationSceneManifest_Generation = YES;
				INFOPLIST_KEY_UIApplicationSupportsIndirectInputEvents = YES;
				INFOPLIST_KEY_UILaunchScreen_Generation = YES;
				INFOPLIST_KEY_UISupportedInterfaceOrientations_iPad = "UIInterfaceOrientationPortrait UIInterfaceOrientationPortraitUpsideDown UIInterfaceOrientationLandscapeLeft UIInterfaceOrientationLandscapeRight";
				INFOPLIST_KEY_UISupportedInterfaceOrientations_iPhone = "UIInterfaceOrientationPortrait UIInterfaceOrientationLandscapeLeft UIInterfaceOrientationLandscapeRight";
				LD_RUNPATH_SEARCH_PATHS = (
					"$(inherited)",
					"@executable_path/Frameworks",
				);
				MARKETING_VERSION = 1.0;
				PRODUCT_BUNDLE_IDENTIFIER = app.kikuchi.momorin.Pokebell;
				PRODUCT_NAME = "$(TARGET_NAME)";
				SWIFT_EMIT_LOC_STRINGS = YES;
				SWIFT_VERSION = 5.0;
				TARGETED_DEVICE_FAMILY = "1,2";
			};
			name = Debug;
		};
		D2AF14D82D3FD7D100A78453 /* Release */ = {
			isa = XCBuildConfiguration;
			buildSettings = {
				ALWAYS_EMBED_SWIFT_STANDARD_LIBRARIES = YES;
				ASSETCATALOG_COMPILER_APPICON_NAME = AppIcon;
				ASSETCATALOG_COMPILER_GLOBAL_ACCENT_COLOR_NAME = AccentColor;
				CODE_SIGN_STYLE = Automatic;
				CURRENT_PROJECT_VERSION = 1;
				DEVELOPMENT_ASSET_PATHS = "\"Pokebell/Preview Content\"";
				DEVELOPMENT_TEAM = LAJ6J7GY39;
				ENABLE_PREVIEWS = YES;
				GENERATE_INFOPLIST_FILE = YES;
				INFOPLIST_KEY_UIApplicationSceneManifest_Generation = YES;
				INFOPLIST_KEY_UIApplicationSupportsIndirectInputEvents = YES;
				INFOPLIST_KEY_UILaunchScreen_Generation = YES;
				INFOPLIST_KEY_UISupportedInterfaceOrientations_iPad = "UIInterfaceOrientationPortrait UIInterfaceOrientationPortraitUpsideDown UIInterfaceOrientationLandscapeLeft UIInterfaceOrientationLandscapeRight";
				INFOPLIST_KEY_UISupportedInterfaceOrientations_iPhone = "UIInterfaceOrientationPortrait UIInterfaceOrientationLandscapeLeft UIInterfaceOrientationLandscapeRight";
				LD_RUNPATH_SEARCH_PATHS = (
					"$(inherited)",
					"@executable_path/Frameworks",
				);
				MARKETING_VERSION = 1.0;
				PRODUCT_BUNDLE_IDENTIFIER = app.kikuchi.momorin.Pokebell;
				PRODUCT_NAME = "$(TARGET_NAME)";
				SWIFT_EMIT_LOC_STRINGS = YES;
				SWIFT_VERSION = 5.0;
				TARGETED_DEVICE_FAMILY = "1,2";
			};
			name = Release;
		};
		D2AF14F32D40FB7100A78453 /* Debug */ = {
			isa = XCBuildConfiguration;
			buildSettings = {
				ASSETCATALOG_COMPILER_GLOBAL_ACCENT_COLOR_NAME = AccentColor;
				ASSETCATALOG_COMPILER_WIDGET_BACKGROUND_COLOR_NAME = WidgetBackground;
				CODE_SIGN_STYLE = Automatic;
				CURRENT_PROJECT_VERSION = 1;
				DEVELOPMENT_TEAM = LAJ6J7GY39;
				GENERATE_INFOPLIST_FILE = YES;
				INFOPLIST_FILE = PokebellWidget/Info.plist;
				INFOPLIST_KEY_CFBundleDisplayName = PokebellWidget;
				INFOPLIST_KEY_NSHumanReadableCopyright = "";
				LD_RUNPATH_SEARCH_PATHS = (
					"$(inherited)",
					"@executable_path/Frameworks",
					"@executable_path/../../Frameworks",
				);
				MARKETING_VERSION = 1.0;
				PRODUCT_BUNDLE_IDENTIFIER = app.kikuchi.momorin.Pokebell.PokebellWidget;
				PRODUCT_NAME = "$(TARGET_NAME)";
				SKIP_INSTALL = YES;
				SWIFT_EMIT_LOC_STRINGS = YES;
				SWIFT_VERSION = 5.0;
				TARGETED_DEVICE_FAMILY = "1,2";
			};
			name = Debug;
		};
		D2AF14F42D40FB7100A78453 /* Release */ = {
			isa = XCBuildConfiguration;
			buildSettings = {
				ASSETCATALOG_COMPILER_GLOBAL_ACCENT_COLOR_NAME = AccentColor;
				ASSETCATALOG_COMPILER_WIDGET_BACKGROUND_COLOR_NAME = WidgetBackground;
				CODE_SIGN_STYLE = Automatic;
				CURRENT_PROJECT_VERSION = 1;
				DEVELOPMENT_TEAM = LAJ6J7GY39;
				GENERATE_INFOPLIST_FILE = YES;
				INFOPLIST_FILE = PokebellWidget/Info.plist;
				INFOPLIST_KEY_CFBundleDisplayName = PokebellWidget;
				INFOPLIST_KEY_NSHumanReadableCopyright = "";
				LD_RUNPATH_SEARCH_PATHS = (
					"$(inherited)",
					"@executable_path/Frameworks",
					"@executable_path/../../Frameworks",
				);
				MARKETING_VERSION = 1.0;
				PRODUCT_BUNDLE_IDENTIFIER = app.kikuchi.momorin.Pokebell.PokebellWidget;
				PRODUCT_NAME = "$(TARGET_NAME)";
				SKIP_INSTALL = YES;
				SWIFT_EMIT_LOC_STRINGS = YES;
				SWIFT_VERSION = 5.0;
				TARGETED_DEVICE_FAMILY = "1,2";
			};
			name = Release;
		};
/* End XCBuildConfiguration section */

/* Begin XCConfigurationList section */
		D2AF14C32D3FD7CC00A78453 /* Build configuration list for PBXProject "Pokebell" */ = {
			isa = XCConfigurationList;
			buildConfigurations = (
				D2AF14D42D3FD7D100A78453 /* Debug */,
				D2AF14D52D3FD7D100A78453 /* Release */,
			);
			defaultConfigurationIsVisible = 0;
			defaultConfigurationName = Release;
		};
		D2AF14D62D3FD7D100A78453 /* Build configuration list for PBXNativeTarget "Pokebell" */ = {
			isa = XCConfigurationList;
			buildConfigurations = (
				D2AF14D72D3FD7D100A78453 /* Debug */,
				D2AF14D82D3FD7D100A78453 /* Release */,
			);
			defaultConfigurationIsVisible = 0;
			defaultConfigurationName = Release;
		};
		D2AF14F22D40FB7100A78453 /* Build configuration list for PBXNativeTarget "PokebellWidgetExtension" */ = {
			isa = XCConfigurationList;
			buildConfigurations = (
				D2AF14F32D40FB7100A78453 /* Debug */,
				D2AF14F42D40FB7100A78453 /* Release */,
			);
			defaultConfigurationIsVisible = 0;
			defaultConfigurationName = Release;
		};
/* End XCConfigurationList section */

/* Begin XCRemoteSwiftPackageReference section */
		D2AF14F92D410BAB00A78453 /* XCRemoteSwiftPackageReference "firebase-ios-sdk" */ = {
			isa = XCRemoteSwiftPackageReference;
			repositoryURL = "https://github.com/firebase/firebase-ios-sdk";
			requirement = {
				kind = upToNextMajorVersion;
				minimumVersion = 11.7.0;
			};
		};
/* End XCRemoteSwiftPackageReference section */

/* Begin XCSwiftPackageProductDependency section */
		D2AF14FA2D410CA000A78453 /* FirebaseFirestore */ = {
			isa = XCSwiftPackageProductDependency;
			package = D2AF14F92D410BAB00A78453 /* XCRemoteSwiftPackageReference "firebase-ios-sdk" */;
			productName = FirebaseFirestore;
		};
/* End XCSwiftPackageProductDependency section */
	};
	rootObject = D2AF14C02D3FD7CC00A78453 /* Project object */;
}
